
Microsoft Visual Studio Solution File, Format Version 12.00
# Visual Studio Version 17
VisualStudioVersion = 17.2.32526.322
MinimumVisualStudioVersion = 10.0.40219.1
Project("{FAE04EC0-301F-11D3-BF4B-00C04F79EFBC}") = "Craftlabs", "Craftlabs.csproj", "{7C8AA9A2-A52D-4B5F-B6EF-8E8E0A968BD1}"
EndProject
Project("{FAE04EC0-301F-11D3-BF4B-00C04F79EFBC}") = "Tests", "..\Tests\Tests.csproj", "{FD8C2079-D2C7-4DC6-BDCF-A2F7B1F22833}"
EndProject
Global
	GlobalSection(SolutionConfigurationPlatforms) = preSolution
		Debug|Any CPU = Debug|Any CPU
		Release|Any CPU = Release|Any CPU
	EndGlobalSection
	GlobalSection(ProjectConfigurationPlatforms) = postSolution
		{7C8AA9A2-A52D-4B5F-B6EF-8E8E0A968BD1}.Debug|Any CPU.ActiveCfg = Debug|Any CPU
		{7C8AA9A2-A52D-4B5F-B6EF-8E8E0A968BD1}.Debug|Any CPU.Build.0 = Debug|Any CPU
		{7C8AA9A2-A52D-4B5F-B6EF-8E8E0A968BD1}.Release|Any CPU.ActiveCfg = Release|Any CPU
		{7C8AA9A2-A52D-4B5F-B6EF-8E8E0A968BD1}.Release|Any CPU.Build.0 = Release|Any CPU
		{FD8C2079-D2C7-4DC6-BDCF-A2F7B1F22833}.Debug|Any CPU.ActiveCfg = Debug|Any CPU
		{FD8C2079-D2C7-4DC6-BDCF-A2F7B1F22833}.Debug|Any CPU.Build.0 = Debug|Any CPU
		{FD8C2079-D2C7-4DC6-BDCF-A2F7B1F22833}.Release|Any CPU.ActiveCfg = Release|Any CPU
		{FD8C2079-D2C7-4DC6-BDCF-A2F7B1F22833}.Release|Any CPU.Build.0 = Release|Any CPU
	EndGlobalSection
	GlobalSection(SolutionProperties) = preSolution
		HideSolutionNode = FALSE
	EndGlobalSection
	GlobalSection(ExtensibilityGlobals) = postSolution
		SolutionGuid = {26AED852-046C-4514-A65E-5BCC02A159DB}
	EndGlobalSection
EndGlobal
